
Microsoft Visual Studio Solution File, Format Version 12.00
# Visual Studio Version 16
VisualStudioVersion = 16.0.30711.63
MinimumVisualStudioVersion = 10.0.40219.1
Project("{FAE04EC0-301F-11D3-BF4B-00C04F79EFBC}") = "ex3", "ex3\ex3.csproj", "{A80D34D0-6800-4E5E-9BAB-DCD29C0DC4BF}"
EndProject
Global
	GlobalSection(SolutionConfigurationPlatforms) = preSolution
		Debug|Any CPU = Debug|Any CPU
		Release|Any CPU = Release|Any CPU
	EndGlobalSection
	GlobalSection(ProjectConfigurationPlatforms) = postSolution
		{A80D34D0-6800-4E5E-9BAB-DCD29C0DC4BF}.Debug|Any CPU.ActiveCfg = Debug|Any CPU
		{A80D34D0-6800-4E5E-9BAB-DCD29C0DC4BF}.Debug|Any CPU.Build.0 = Debug|Any CPU
		{A80D34D0-6800-4E5E-9BAB-DCD29C0DC4BF}.Release|Any CPU.ActiveCfg = Release|Any CPU
		{A80D34D0-6800-4E5E-9BAB-DCD29C0DC4BF}.Release|Any CPU.Build.0 = Release|Any CPU
	EndGlobalSection
	GlobalSection(SolutionProperties) = preSolution
		HideSolutionNode = FALSE
	EndGlobalSection
	GlobalSection(ExtensibilityGlobals) = postSolution
		SolutionGuid = {76491D9D-871F-45FE-99D1-11D6C81E0C92}
	EndGlobalSection
EndGlobal
