
Microsoft Visual Studio Solution File, Format Version 12.00
# Visual Studio Version 16
VisualStudioVersion = 16.0.30804.86
MinimumVisualStudioVersion = 10.0.40219.1
Project("{FAE04EC0-301F-11D3-BF4B-00C04F79EFBC}") = "matrix", "matrix\matrix.csproj", "{53E534BF-DB05-4CAC-8771-9FF1AF6BE0FB}"
EndProject
Global
	GlobalSection(SolutionConfigurationPlatforms) = preSolution
		Debug|Any CPU = Debug|Any CPU
		Release|Any CPU = Release|Any CPU
	EndGlobalSection
	GlobalSection(ProjectConfigurationPlatforms) = postSolution
		{53E534BF-DB05-4CAC-8771-9FF1AF6BE0FB}.Debug|Any CPU.ActiveCfg = Debug|Any CPU
		{53E534BF-DB05-4CAC-8771-9FF1AF6BE0FB}.Debug|Any CPU.Build.0 = Debug|Any CPU
		{53E534BF-DB05-4CAC-8771-9FF1AF6BE0FB}.Release|Any CPU.ActiveCfg = Release|Any CPU
		{53E534BF-DB05-4CAC-8771-9FF1AF6BE0FB}.Release|Any CPU.Build.0 = Release|Any CPU
	EndGlobalSection
	GlobalSection(SolutionProperties) = preSolution
		HideSolutionNode = FALSE
	EndGlobalSection
	GlobalSection(ExtensibilityGlobals) = postSolution
		SolutionGuid = {48242FB6-C7CC-4C5B-B524-AE75D7AE26CC}
	EndGlobalSection
EndGlobal
